
Microsoft Visual Studio Solution File, Format Version 12.00
# Visual Studio Version 17
VisualStudioVersion = 17.10.35027.167
MinimumVisualStudioVersion = 10.0.40219.1
Project("{2150E333-8FDC-42A3-9474-1A3956D46DE8}") = "src", "src", "{44E0A995-B917-4718-927A-DF20997AC3B8}"
EndProject
Project("{9A19103F-16F7-4668-BE54-9A1E7A4F7556}") = "MyFinance.Api", "MyFinance.Api\MyFinance.Api.csproj", "{1BF5DC31-39B1-4F6F-8537-8E0EB6635B13}"
EndProject
Project("{9A19103F-16F7-4668-BE54-9A1E7A4F7556}") = "MyFinance.Application", "MyFinance.Application\MyFinance.Application.csproj", "{C299366E-41D8-4183-9170-B7F509702BCE}"
EndProject
Project("{9A19103F-16F7-4668-BE54-9A1E7A4F7556}") = "MyFinance.Core", "MyFinance.Core\MyFinance.Core.csproj", "{8CF5D6E8-2308-4D87-9C0A-461A48397416}"
EndProject
Project("{9A19103F-16F7-4668-BE54-9A1E7A4F7556}") = "MyFinance.Infrastructure", "MyFinance.Infrastructure\MyFinance.Infrastructure.csproj", "{F02ABC2D-FABA-4AD8-8A6F-0FF445FBD097}"
EndProject
Project("{2150E333-8FDC-42A3-9474-1A3956D46DE8}") = "tests", "tests", "{5640B8F4-45F3-451D-B91B-F3613DC42054}"
EndProject
Project("{FAE04EC0-301F-11D3-BF4B-00C04F79EFBC}") = "MyFinance.UnitTests", "MyFinance.UnitTests\MyFinance.UnitTests.csproj", "{D11B90AF-9EF9-4806-9586-32D4FD4EA704}"
EndProject
Project("{FAE04EC0-301F-11D3-BF4B-00C04F79EFBC}") = "MyFinance.IntegratedTests", "MyFinance.IntegratedTests\MyFinance.IntegratedTests.csproj", "{ADB957D1-523F-4A4D-85A7-E6C9A08B5131}"
EndProject
Global
	GlobalSection(SolutionConfigurationPlatforms) = preSolution
		Debug|Any CPU = Debug|Any CPU
		Release|Any CPU = Release|Any CPU
	EndGlobalSection
	GlobalSection(ProjectConfigurationPlatforms) = postSolution
		{1BF5DC31-39B1-4F6F-8537-8E0EB6635B13}.Debug|Any CPU.ActiveCfg = Debug|Any CPU
		{1BF5DC31-39B1-4F6F-8537-8E0EB6635B13}.Debug|Any CPU.Build.0 = Debug|Any CPU
		{1BF5DC31-39B1-4F6F-8537-8E0EB6635B13}.Release|Any CPU.ActiveCfg = Release|Any CPU
		{1BF5DC31-39B1-4F6F-8537-8E0EB6635B13}.Release|Any CPU.Build.0 = Release|Any CPU
		{C299366E-41D8-4183-9170-B7F509702BCE}.Debug|Any CPU.ActiveCfg = Debug|Any CPU
		{C299366E-41D8-4183-9170-B7F509702BCE}.Debug|Any CPU.Build.0 = Debug|Any CPU
		{C299366E-41D8-4183-9170-B7F509702BCE}.Release|Any CPU.ActiveCfg = Release|Any CPU
		{C299366E-41D8-4183-9170-B7F509702BCE}.Release|Any CPU.Build.0 = Release|Any CPU
		{8CF5D6E8-2308-4D87-9C0A-461A48397416}.Debug|Any CPU.ActiveCfg = Debug|Any CPU
		{8CF5D6E8-2308-4D87-9C0A-461A48397416}.Debug|Any CPU.Build.0 = Debug|Any CPU
		{8CF5D6E8-2308-4D87-9C0A-461A48397416}.Release|Any CPU.ActiveCfg = Release|Any CPU
		{8CF5D6E8-2308-4D87-9C0A-461A48397416}.Release|Any CPU.Build.0 = Release|Any CPU
		{F02ABC2D-FABA-4AD8-8A6F-0FF445FBD097}.Debug|Any CPU.ActiveCfg = Debug|Any CPU
		{F02ABC2D-FABA-4AD8-8A6F-0FF445FBD097}.Debug|Any CPU.Build.0 = Debug|Any CPU
		{F02ABC2D-FABA-4AD8-8A6F-0FF445FBD097}.Release|Any CPU.ActiveCfg = Release|Any CPU
		{F02ABC2D-FABA-4AD8-8A6F-0FF445FBD097}.Release|Any CPU.Build.0 = Release|Any CPU
		{D11B90AF-9EF9-4806-9586-32D4FD4EA704}.Debug|Any CPU.ActiveCfg = Debug|Any CPU
		{D11B90AF-9EF9-4806-9586-32D4FD4EA704}.Debug|Any CPU.Build.0 = Debug|Any CPU
		{D11B90AF-9EF9-4806-9586-32D4FD4EA704}.Release|Any CPU.ActiveCfg = Release|Any CPU
		{D11B90AF-9EF9-4806-9586-32D4FD4EA704}.Release|Any CPU.Build.0 = Release|Any CPU
		{ADB957D1-523F-4A4D-85A7-E6C9A08B5131}.Debug|Any CPU.ActiveCfg = Debug|Any CPU
		{ADB957D1-523F-4A4D-85A7-E6C9A08B5131}.Debug|Any CPU.Build.0 = Debug|Any CPU
		{ADB957D1-523F-4A4D-85A7-E6C9A08B5131}.Release|Any CPU.ActiveCfg = Release|Any CPU
		{ADB957D1-523F-4A4D-85A7-E6C9A08B5131}.Release|Any CPU.Build.0 = Release|Any CPU
	EndGlobalSection
	GlobalSection(SolutionProperties) = preSolution
		HideSolutionNode = FALSE
	EndGlobalSection
	GlobalSection(NestedProjects) = preSolution
		{1BF5DC31-39B1-4F6F-8537-8E0EB6635B13} = {44E0A995-B917-4718-927A-DF20997AC3B8}
		{C299366E-41D8-4183-9170-B7F509702BCE} = {44E0A995-B917-4718-927A-DF20997AC3B8}
		{8CF5D6E8-2308-4D87-9C0A-461A48397416} = {44E0A995-B917-4718-927A-DF20997AC3B8}
		{F02ABC2D-FABA-4AD8-8A6F-0FF445FBD097} = {44E0A995-B917-4718-927A-DF20997AC3B8}
		{D11B90AF-9EF9-4806-9586-32D4FD4EA704} = {5640B8F4-45F3-451D-B91B-F3613DC42054}
		{ADB957D1-523F-4A4D-85A7-E6C9A08B5131} = {5640B8F4-45F3-451D-B91B-F3613DC42054}
	EndGlobalSection
	GlobalSection(ExtensibilityGlobals) = postSolution
		SolutionGuid = {EE1C4D32-C2B2-4A6B-B093-2D03C5A18901}
	EndGlobalSection
EndGlobal
